
Microsoft Visual Studio Solution File, Format Version 12.00
# Visual Studio Version 17
VisualStudioVersion = 17.5.33414.496
MinimumVisualStudioVersion = 10.0.40219.1
Project("{FAE04EC0-301F-11D3-BF4B-00C04F79EFBC}") = "FacturacionPE", "FacturacionPE\FacturacionPE.csproj", "{8929230E-44E0-4816-ACB3-A34184B260F3}"
	ProjectSection(ProjectDependencies) = postProject
		{2C4A6E9D-446E-4269-AD45-2036DCCB1DEF} = {2C4A6E9D-446E-4269-AD45-2036DCCB1DEF}
	EndProjectSection
EndProject
Project("{FAE04EC0-301F-11D3-BF4B-00C04F79EFBC}") = "Logica", "Logica\Logica.csproj", "{2C4A6E9D-446E-4269-AD45-2036DCCB1DEF}"
EndProject
Global
	GlobalSection(SolutionConfigurationPlatforms) = preSolution
		Debug|Any CPU = Debug|Any CPU
		Release|Any CPU = Release|Any CPU
	EndGlobalSection
	GlobalSection(ProjectConfigurationPlatforms) = postSolution
		{8929230E-44E0-4816-ACB3-A34184B260F3}.Debug|Any CPU.ActiveCfg = Debug|Any CPU
		{8929230E-44E0-4816-ACB3-A34184B260F3}.Debug|Any CPU.Build.0 = Debug|Any CPU
		{8929230E-44E0-4816-ACB3-A34184B260F3}.Release|Any CPU.ActiveCfg = Release|Any CPU
		{8929230E-44E0-4816-ACB3-A34184B260F3}.Release|Any CPU.Build.0 = Release|Any CPU
		{2C4A6E9D-446E-4269-AD45-2036DCCB1DEF}.Debug|Any CPU.ActiveCfg = Debug|Any CPU
		{2C4A6E9D-446E-4269-AD45-2036DCCB1DEF}.Debug|Any CPU.Build.0 = Debug|Any CPU
		{2C4A6E9D-446E-4269-AD45-2036DCCB1DEF}.Release|Any CPU.ActiveCfg = Release|Any CPU
		{2C4A6E9D-446E-4269-AD45-2036DCCB1DEF}.Release|Any CPU.Build.0 = Release|Any CPU
	EndGlobalSection
	GlobalSection(SolutionProperties) = preSolution
		HideSolutionNode = FALSE
	EndGlobalSection
	GlobalSection(ExtensibilityGlobals) = postSolution
		SolutionGuid = {758C1177-2A68-4F1B-A2AE-21B0C0294E17}
	EndGlobalSection
EndGlobal
